{
  "object": {
    "pins": [
      {
        "package": "Poolep",
        "repositoryURL": "https://github.com/k-kohey/LoggerSample",
        "state": {
          "branch": "main",
          "revision": "61dc45445b9a0934eaa346936012a2da54e862bb",
          "version": null
        }
      }
    ]
  },
  "version": 1
}
