{
  "object": {
    "pins": [
      {
        "package": "Poolep",
        "repositoryURL": "https://github.com/k-kohey/LoggerSample",
        "state": {
          "branch": "main",
          "revision": "0fd9732ec1ef3e013cdceafc95ef3a897083342e",
          "version": null
        }
      }
    ]
  },
  "version": 1
}
