{
  "object": {
    "pins": [
      {
        "package": "Parchment",
        "repositoryURL": "https://github.com/k-kohey/LoggerSample",
        "state": {
          "branch": "main",
          "revision": "d67892fc17a7b88c17fae7a9728c300f2a159663",
          "version": null
        }
      }
    ]
  },
  "version": 1
}
